
Microsoft Visual Studio Solution File, Format Version 11.00
# Visual Studio 2010
Project("{FAE04EC0-301F-11D3-BF4B-00C04F79EFBC}") = "htel", "htel\htel.csproj", "{F33461D1-825E-422A-8636-C86F602A2093}"
EndProject
Global
	GlobalSection(SolutionConfigurationPlatforms) = preSolution
		Debug|Any CPU = Debug|Any CPU
		Release|Any CPU = Release|Any CPU
	EndGlobalSection
	GlobalSection(ProjectConfigurationPlatforms) = postSolution
		{F33461D1-825E-422A-8636-C86F602A2093}.Debug|Any CPU.ActiveCfg = Debug|Any CPU
		{F33461D1-825E-422A-8636-C86F602A2093}.Debug|Any CPU.Build.0 = Debug|Any CPU
		{F33461D1-825E-422A-8636-C86F602A2093}.Release|Any CPU.ActiveCfg = Release|Any CPU
		{F33461D1-825E-422A-8636-C86F602A2093}.Release|Any CPU.Build.0 = Release|Any CPU
	EndGlobalSection
	GlobalSection(SolutionProperties) = preSolution
		HideSolutionNode = FALSE
	EndGlobalSection
EndGlobal
